// !$*UTF8*$!
{
	archiveVersion = 1;
	classes = {
	};
	objectVersion = 50;
	objects = {

/* Begin PBXBuildFile section */
		8063D70825BF652B003CB167 /* InfoView.swift in Sources */ = {isa = PBXBuildFile; fileRef = 8063D70725BF652B003CB167 /* InfoView.swift */; };
		8063D70B25BF6F93003CB167 /* InfoViewComponent.swift in Sources */ = {isa = PBXBuildFile; fileRef = 8063D70A25BF6F93003CB167 /* InfoViewComponent.swift */; };
		80A3ACCC25B8B90B00EB1CC4 /* honeyMoon_swiftUI_tinderCloneApp.swift in Sources */ = {isa = PBXBuildFile; fileRef = 80A3ACCB25B8B90B00EB1CC4 /* honeyMoon_swiftUI_tinderCloneApp.swift */; };
		80A3ACCE25B8B90B00EB1CC4 /* ContentView.swift in Sources */ = {isa = PBXBuildFile; fileRef = 80A3ACCD25B8B90B00EB1CC4 /* ContentView.swift */; };
		80A3ACD025B8B91000EB1CC4 /* Assets.xcassets in Resources */ = {isa = PBXBuildFile; fileRef = 80A3ACCF25B8B91000EB1CC4 /* Assets.xcassets */; };
		80A3ACD325B8B91000EB1CC4 /* Preview Assets.xcassets in Resources */ = {isa = PBXBuildFile; fileRef = 80A3ACD225B8B91000EB1CC4 /* Preview Assets.xcassets */; };
		80A3ACDC25B8B93F00EB1CC4 /* Sound in Resources */ = {isa = PBXBuildFile; fileRef = 80A3ACDB25B8B93F00EB1CC4 /* Sound */; };
		80A3ACDF25B8B9C900EB1CC4 /* LaunchScreen.storyboard in Resources */ = {isa = PBXBuildFile; fileRef = 80A3ACDE25B8B9C900EB1CC4 /* LaunchScreen.storyboard */; };
		80B1B74225BA19C400DE4122 /* CardView.swift in Sources */ = {isa = PBXBuildFile; fileRef = 80B1B74125BA19C400DE4122 /* CardView.swift */; };
		80B1B74525BA1F7D00DE4122 /* HeaderView.swift in Sources */ = {isa = PBXBuildFile; fileRef = 80B1B74425BA1F7D00DE4122 /* HeaderView.swift */; };
		80B1B74825BA233C00DE4122 /* FooterView.swift in Sources */ = {isa = PBXBuildFile; fileRef = 80B1B74725BA233C00DE4122 /* FooterView.swift */; };
		80B1B74B25BB739400DE4122 /* OnboardingView.swift in Sources */ = {isa = PBXBuildFile; fileRef = 80B1B74A25BB739400DE4122 /* OnboardingView.swift */; };
		80B1B74E25BB850900DE4122 /* OnboardingComponentView.swift in Sources */ = {isa = PBXBuildFile; fileRef = 80B1B74D25BB850900DE4122 /* OnboardingComponentView.swift */; };
		80D5E85425B8D80A007DF657 /* PlacesData.swift in Sources */ = {isa = PBXBuildFile; fileRef = 80D5E85325B8D80A007DF657 /* PlacesData.swift */; };
		80D5E85725B8D898007DF657 /* PlacesModel.swift in Sources */ = {isa = PBXBuildFile; fileRef = 80D5E85625B8D898007DF657 /* PlacesModel.swift */; };
/* End PBXBuildFile section */

/* Begin PBXFileReference section */
		8063D70725BF652B003CB167 /* InfoView.swift */ = {isa = PBXFileReference; lastKnownFileType = sourcecode.swift; path = InfoView.swift; sourceTree = "<group>"; };
		8063D70A25BF6F93003CB167 /* InfoViewComponent.swift */ = {isa = PBXFileReference; lastKnownFileType = sourcecode.swift; path = InfoViewComponent.swift; sourceTree = "<group>"; };
		80A3ACC825B8B90B00EB1CC4 /* honeyMoon_swiftUI_tinderClone.app */ = {isa = PBXFileReference; explicitFileType = wrapper.application; includeInIndex = 0; path = honeyMoon_swiftUI_tinderClone.app; sourceTree = BUILT_PRODUCTS_DIR; };
		80A3ACCB25B8B90B00EB1CC4 /* honeyMoon_swiftUI_tinderCloneApp.swift */ = {isa = PBXFileReference; lastKnownFileType = sourcecode.swift; path = honeyMoon_swiftUI_tinderCloneApp.swift; sourceTree = "<group>"; };
		80A3ACCD25B8B90B00EB1CC4 /* ContentView.swift */ = {isa = PBXFileReference; lastKnownFileType = sourcecode.swift; path = ContentView.swift; sourceTree = "<group>"; };
		80A3ACCF25B8B91000EB1CC4 /* Assets.xcassets */ = {isa = PBXFileReference; lastKnownFileType = folder.assetcatalog; path = Assets.xcassets; sourceTree = "<group>"; };
		80A3ACD225B8B91000EB1CC4 /* Preview Assets.xcassets */ = {isa = PBXFileReference; lastKnownFileType = folder.assetcatalog; path = "Preview Assets.xcassets"; sourceTree = "<group>"; };
		80A3ACD425B8B91000EB1CC4 /* Info.plist */ = {isa = PBXFileReference; lastKnownFileType = text.plist.xml; path = Info.plist; sourceTree = "<group>"; };
		80A3ACDB25B8B93F00EB1CC4 /* Sound */ = {isa = PBXFileReference; lastKnownFileType = folder; path = Sound; sourceTree = "<group>"; };
		80A3ACDE25B8B9C900EB1CC4 /* LaunchScreen.storyboard */ = {isa = PBXFileReference; lastKnownFileType = file.storyboard; path = LaunchScreen.storyboard; sourceTree = "<group>"; };
		80B1B74125BA19C400DE4122 /* CardView.swift */ = {isa = PBXFileReference; lastKnownFileType = sourcecode.swift; path = CardView.swift; sourceTree = "<group>"; };
		80B1B74425BA1F7D00DE4122 /* HeaderView.swift */ = {isa = PBXFileReference; lastKnownFileType = sourcecode.swift; path = HeaderView.swift; sourceTree = "<group>"; };
		80B1B74725BA233C00DE4122 /* FooterView.swift */ = {isa = PBXFileReference; lastKnownFileType = sourcecode.swift; path = FooterView.swift; sourceTree = "<group>"; };
		80B1B74A25BB739400DE4122 /* OnboardingView.swift */ = {isa = PBXFileReference; lastKnownFileType = sourcecode.swift; path = OnboardingView.swift; sourceTree = "<group>"; };
		80B1B74D25BB850900DE4122 /* OnboardingComponentView.swift */ = {isa = PBXFileReference; lastKnownFileType = sourcecode.swift; path = OnboardingComponentView.swift; sourceTree = "<group>"; };
		80D5E85325B8D80A007DF657 /* PlacesData.swift */ = {isa = PBXFileReference; lastKnownFileType = sourcecode.swift; path = PlacesData.swift; sourceTree = "<group>"; };
		80D5E85625B8D898007DF657 /* PlacesModel.swift */ = {isa = PBXFileReference; lastKnownFileType = sourcecode.swift; path = PlacesModel.swift; sourceTree = "<group>"; };
/* End PBXFileReference section */

/* Begin PBXFrameworksBuildPhase section */
		80A3ACC525B8B90B00EB1CC4 /* Frameworks */ = {
			isa = PBXFrameworksBuildPhase;
			buildActionMask = 2147483647;
			files = (
			);
			runOnlyForDeploymentPostprocessing = 0;
		};
/* End PBXFrameworksBuildPhase section */

/* Begin PBXGroup section */
		809975FE25BF5260008F6217 /* App */ = {
			isa = PBXGroup;
			children = (
				80A3ACCB25B8B90B00EB1CC4 /* honeyMoon_swiftUI_tinderCloneApp.swift */,
				80A3ACCD25B8B90B00EB1CC4 /* ContentView.swift */,
			);
			path = App;
			sourceTree = "<group>";
		};
		80A3ACBF25B8B90B00EB1CC4 = {
			isa = PBXGroup;
			children = (
				80A3ACCA25B8B90B00EB1CC4 /* honeyMoon_swiftUI_tinderClone */,
				80A3ACC925B8B90B00EB1CC4 /* Products */,
			);
			sourceTree = "<group>";
		};
		80A3ACC925B8B90B00EB1CC4 /* Products */ = {
			isa = PBXGroup;
			children = (
				80A3ACC825B8B90B00EB1CC4 /* honeyMoon_swiftUI_tinderClone.app */,
			);
			name = Products;
			sourceTree = "<group>";
		};
		80A3ACCA25B8B90B00EB1CC4 /* honeyMoon_swiftUI_tinderClone */ = {
			isa = PBXGroup;
			children = (
				80D5E85125B8D792007DF657 /* Model */,
				80D5E85025B8D787007DF657 /* Data */,
				80D5E84F25B8D77C007DF657 /* View */,
				80A3ACDB25B8B93F00EB1CC4 /* Sound */,
				809975FE25BF5260008F6217 /* App */,
				80A3ACCF25B8B91000EB1CC4 /* Assets.xcassets */,
				80A3ACD425B8B91000EB1CC4 /* Info.plist */,
				80A3ACDE25B8B9C900EB1CC4 /* LaunchScreen.storyboard */,
				80A3ACD125B8B91000EB1CC4 /* Preview Content */,
			);
			path = honeyMoon_swiftUI_tinderClone;
			sourceTree = "<group>";
		};
		80A3ACD125B8B91000EB1CC4 /* Preview Content */ = {
			isa = PBXGroup;
			children = (
				80A3ACD225B8B91000EB1CC4 /* Preview Assets.xcassets */,
			);
			path = "Preview Content";
			sourceTree = "<group>";
		};
		80D5E84F25B8D77C007DF657 /* View */ = {
			isa = PBXGroup;
			children = (
				80B1B74125BA19C400DE4122 /* CardView.swift */,
				80B1B74425BA1F7D00DE4122 /* HeaderView.swift */,
				80B1B74725BA233C00DE4122 /* FooterView.swift */,
				80B1B74A25BB739400DE4122 /* OnboardingView.swift */,
				80B1B74D25BB850900DE4122 /* OnboardingComponentView.swift */,
				8063D70725BF652B003CB167 /* InfoView.swift */,
				8063D70A25BF6F93003CB167 /* InfoViewComponent.swift */,
			);
			path = View;
			sourceTree = "<group>";
		};
		80D5E85025B8D787007DF657 /* Data */ = {
			isa = PBXGroup;
			children = (
				80D5E85325B8D80A007DF657 /* PlacesData.swift */,
			);
			path = Data;
			sourceTree = "<group>";
		};
		80D5E85125B8D792007DF657 /* Model */ = {
			isa = PBXGroup;
			children = (
				80D5E85625B8D898007DF657 /* PlacesModel.swift */,
			);
			path = Model;
			sourceTree = "<group>";
		};
/* End PBXGroup section */

/* Begin PBXNativeTarget section */
		80A3ACC725B8B90B00EB1CC4 /* honeyMoon_swiftUI_tinderClone */ = {
			isa = PBXNativeTarget;
			buildConfigurationList = 80A3ACD725B8B91000EB1CC4 /* Build configuration list for PBXNativeTarget "honeyMoon_swiftUI_tinderClone" */;
			buildPhases = (
				80A3ACC425B8B90B00EB1CC4 /* Sources */,
				80A3ACC525B8B90B00EB1CC4 /* Frameworks */,
				80A3ACC625B8B90B00EB1CC4 /* Resources */,
			);
			buildRules = (
			);
			dependencies = (
			);
			name = honeyMoon_swiftUI_tinderClone;
			productName = honeyMoon_swiftUI_tinderClone;
			productReference = 80A3ACC825B8B90B00EB1CC4 /* honeyMoon_swiftUI_tinderClone.app */;
			productType = "com.apple.product-type.application";
		};
/* End PBXNativeTarget section */

/* Begin PBXProject section */
		80A3ACC025B8B90B00EB1CC4 /* Project object */ = {
			isa = PBXProject;
			attributes = {
				LastSwiftUpdateCheck = 1230;
				LastUpgradeCheck = 1230;
				TargetAttributes = {
					80A3ACC725B8B90B00EB1CC4 = {
						CreatedOnToolsVersion = 12.3;
					};
				};
			};
			buildConfigurationList = 80A3ACC325B8B90B00EB1CC4 /* Build configuration list for PBXProject "honeyMoon_swiftUI_tinderClone" */;
			compatibilityVersion = "Xcode 9.3";
			developmentRegion = en;
			hasScannedForEncodings = 0;
			knownRegions = (
				en,
				Base,
			);
			mainGroup = 80A3ACBF25B8B90B00EB1CC4;
			productRefGroup = 80A3ACC925B8B90B00EB1CC4 /* Products */;
			projectDirPath = "";
			projectRoot = "";
			targets = (
				80A3ACC725B8B90B00EB1CC4 /* honeyMoon_swiftUI_tinderClone */,
			);
		};
/* End PBXProject section */

/* Begin PBXResourcesBuildPhase section */
		80A3ACC625B8B90B00EB1CC4 /* Resources */ = {
			isa = PBXResourcesBuildPhase;
			buildActionMask = 2147483647;
			files = (
				80A3ACDC25B8B93F00EB1CC4 /* Sound in Resources */,
				80A3ACD325B8B91000EB1CC4 /* Preview Assets.xcassets in Resources */,
				80A3ACDF25B8B9C900EB1CC4 /* LaunchScreen.storyboard in Resources */,
				80A3ACD025B8B91000EB1CC4 /* Assets.xcassets in Resources */,
			);
			runOnlyForDeploymentPostprocessing = 0;
		};
/* End PBXResourcesBuildPhase section */

/* Begin PBXSourcesBuildPhase section */
		80A3ACC425B8B90B00EB1CC4 /* Sources */ = {
			isa = PBXSourcesBuildPhase;
			buildActionMask = 2147483647;
			files = (
				80D5E85425B8D80A007DF657 /* PlacesData.swift in Sources */,
				80B1B74825BA233C00DE4122 /* FooterView.swift in Sources */,
				80B1B74525BA1F7D00DE4122 /* HeaderView.swift in Sources */,
				80D5E85725B8D898007DF657 /* PlacesModel.swift in Sources */,
				80A3ACCE25B8B90B00EB1CC4 /* ContentView.swift in Sources */,
				8063D70B25BF6F93003CB167 /* InfoViewComponent.swift in Sources */,
				80B1B74B25BB739400DE4122 /* OnboardingView.swift in Sources */,
				80B1B74E25BB850900DE4122 /* OnboardingComponentView.swift in Sources */,
				80A3ACCC25B8B90B00EB1CC4 /* honeyMoon_swiftUI_tinderCloneApp.swift in Sources */,
				8063D70825BF652B003CB167 /* InfoView.swift in Sources */,
				80B1B74225BA19C400DE4122 /* CardView.swift in Sources */,
			);
			runOnlyForDeploymentPostprocessing = 0;
		};
/* End PBXSourcesBuildPhase section */

/* Begin XCBuildConfiguration section */
		80A3ACD525B8B91000EB1CC4 /* Debug */ = {
			isa = XCBuildConfiguration;
			buildSettings = {
				ALWAYS_SEARCH_USER_PATHS = NO;
				CLANG_ANALYZER_NONNULL = YES;
				CLANG_ANALYZER_NUMBER_OBJECT_CONVERSION = YES_AGGRESSIVE;
				CLANG_CXX_LANGUAGE_STANDARD = "gnu++14";
				CLANG_CXX_LIBRARY = "libc++";
				CLANG_ENABLE_MODULES = YES;
				CLANG_ENABLE_OBJC_ARC = YES;
				CLANG_ENABLE_OBJC_WEAK = YES;
				CLANG_WARN_BLOCK_CAPTURE_AUTORELEASING = YES;
				CLANG_WARN_BOOL_CONVERSION = YES;
				CLANG_WARN_COMMA = YES;
				CLANG_WARN_CONSTANT_CONVERSION = YES;
				CLANG_WARN_DEPRECATED_OBJC_IMPLEMENTATIONS = YES;
				CLANG_WARN_DIRECT_OBJC_ISA_USAGE = YES_ERROR;
				CLANG_WARN_DOCUMENTATION_COMMENTS = YES;
				CLANG_WARN_EMPTY_BODY = YES;
				CLANG_WARN_ENUM_CONVERSION = YES;
				CLANG_WARN_INFINITE_RECURSION = YES;
				CLANG_WARN_INT_CONVERSION = YES;
				CLANG_WARN_NON_LITERAL_NULL_CONVERSION = YES;
				CLANG_WARN_OBJC_IMPLICIT_RETAIN_SELF = YES;
				CLANG_WARN_OBJC_LITERAL_CONVERSION = YES;
				CLANG_WARN_OBJC_ROOT_CLASS = YES_ERROR;
				CLANG_WARN_QUOTED_INCLUDE_IN_FRAMEWORK_HEADER = YES;
				CLANG_WARN_RANGE_LOOP_ANALYSIS = YES;
				CLANG_WARN_STRICT_PROTOTYPES = YES;
				CLANG_WARN_SUSPICIOUS_MOVE = YES;
				CLANG_WARN_UNGUARDED_AVAILABILITY = YES_AGGRESSIVE;
				CLANG_WARN_UNREACHABLE_CODE = YES;
				CLANG_WARN__DUPLICATE_METHOD_MATCH = YES;
				COPY_PHASE_STRIP = NO;
				DEBUG_INFORMATION_FORMAT = dwarf;
				ENABLE_STRICT_OBJC_MSGSEND = YES;
				ENABLE_TESTABILITY = YES;
				GCC_C_LANGUAGE_STANDARD = gnu11;
				GCC_DYNAMIC_NO_PIC = NO;
				GCC_NO_COMMON_BLOCKS = YES;
				GCC_OPTIMIZATION_LEVEL = 0;
				GCC_PREPROCESSOR_DEFINITIONS = (
					"DEBUG=1",
					"$(inherited)",
				);
				GCC_WARN_64_TO_32_BIT_CONVERSION = YES;
				GCC_WARN_ABOUT_RETURN_TYPE = YES_ERROR;
				GCC_WARN_UNDECLARED_SELECTOR = YES;
				GCC_WARN_UNINITIALIZED_AUTOS = YES_AGGRESSIVE;
				GCC_WARN_UNUSED_FUNCTION = YES;
				GCC_WARN_UNUSED_VARIABLE = YES;
				IPHONEOS_DEPLOYMENT_TARGET = 14.3;
				MTL_ENABLE_DEBUG_INFO = INCLUDE_SOURCE;
				MTL_FAST_MATH = YES;
				ONLY_ACTIVE_ARCH = YES;
				SDKROOT = iphoneos;
				SWIFT_ACTIVE_COMPILATION_CONDITIONS = DEBUG;
				SWIFT_OPTIMIZATION_LEVEL = "-Onone";
			};
			name = Debug;
		};
		80A3ACD625B8B91000EB1CC4 /* Release */ = {
			isa = XCBuildConfiguration;
			buildSettings = {
				ALWAYS_SEARCH_USER_PATHS = NO;
				CLANG_ANALYZER_NONNULL = YES;
				CLANG_ANALYZER_NUMBER_OBJECT_CONVERSION = YES_AGGRESSIVE;
				CLANG_CXX_LANGUAGE_STANDARD = "gnu++14";
				CLANG_CXX_LIBRARY = "libc++";
				CLANG_ENABLE_MODULES = YES;
				CLANG_ENABLE_OBJC_ARC = YES;
				CLANG_ENABLE_OBJC_WEAK = YES;
				CLANG_WARN_BLOCK_CAPTURE_AUTORELEASING = YES;
				CLANG_WARN_BOOL_CONVERSION = YES;
				CLANG_WARN_COMMA = YES;
				CLANG_WARN_CONSTANT_CONVERSION = YES;
				CLANG_WARN_DEPRECATED_OBJC_IMPLEMENTATIONS = YES;
				CLANG_WARN_DIRECT_OBJC_ISA_USAGE = YES_ERROR;
				CLANG_WARN_DOCUMENTATION_COMMENTS = YES;
				CLANG_WARN_EMPTY_BODY = YES;
				CLANG_WARN_ENUM_CONVERSION = YES;
				CLANG_WARN_INFINITE_RECURSION = YES;
				CLANG_WARN_INT_CONVERSION = YES;
				CLANG_WARN_NON_LITERAL_NULL_CONVERSION = YES;
				CLANG_WARN_OBJC_IMPLICIT_RETAIN_SELF = YES;
				CLANG_WARN_OBJC_LITERAL_CONVERSION = YES;
				CLANG_WARN_OBJC_ROOT_CLASS = YES_ERROR;
				CLANG_WARN_QUOTED_INCLUDE_IN_FRAMEWORK_HEADER = YES;
				CLANG_WARN_RANGE_LOOP_ANALYSIS = YES;
				CLANG_WARN_STRICT_PROTOTYPES = YES;
				CLANG_WARN_SUSPICIOUS_MOVE = YES;
				CLANG_WARN_UNGUARDED_AVAILABILITY = YES_AGGRESSIVE;
				CLANG_WARN_UNREACHABLE_CODE = YES;
				CLANG_WARN__DUPLICATE_METHOD_MATCH = YES;
				COPY_PHASE_STRIP = NO;
				DEBUG_INFORMATION_FORMAT = "dwarf-with-dsym";
				ENABLE_NS_ASSERTIONS = NO;
				ENABLE_STRICT_OBJC_MSGSEND = YES;
				GCC_C_LANGUAGE_STANDARD = gnu11;
				GCC_NO_COMMON_BLOCKS = YES;
				GCC_WARN_64_TO_32_BIT_CONVERSION = YES;
				GCC_WARN_ABOUT_RETURN_TYPE = YES_ERROR;
				GCC_WARN_UNDECLARED_SELECTOR = YES;
				GCC_WARN_UNINITIALIZED_AUTOS = YES_AGGRESSIVE;
				GCC_WARN_UNUSED_FUNCTION = YES;
				GCC_WARN_UNUSED_VARIABLE = YES;
				IPHONEOS_DEPLOYMENT_TARGET = 14.3;
				MTL_ENABLE_DEBUG_INFO = NO;
				MTL_FAST_MATH = YES;
				SDKROOT = iphoneos;
				SWIFT_COMPILATION_MODE = wholemodule;
				SWIFT_OPTIMIZATION_LEVEL = "-O";
				VALIDATE_PRODUCT = YES;
			};
			name = Release;
		};
		80A3ACD825B8B91000EB1CC4 /* Debug */ = {
			isa = XCBuildConfiguration;
			buildSettings = {
				ASSETCATALOG_COMPILER_APPICON_NAME = AppIcon;
				ASSETCATALOG_COMPILER_GLOBAL_ACCENT_COLOR_NAME = AccentColor;
				CODE_SIGN_STYLE = Automatic;
				DEVELOPMENT_ASSET_PATHS = "\"honeyMoon_swiftUI_tinderClone/Preview Content\"";
				DEVELOPMENT_TEAM = VMCZUHWP47;
				ENABLE_PREVIEWS = YES;
				INFOPLIST_FILE = honeyMoon_swiftUI_tinderClone/Info.plist;
				IPHONEOS_DEPLOYMENT_TARGET = 14.0;
				LD_RUNPATH_SEARCH_PATHS = (
					"$(inherited)",
					"@executable_path/Frameworks",
				);
				PRODUCT_BUNDLE_IDENTIFIER = "me.sergeyyu.honeyMoon-swiftUI-tinderClone";
				PRODUCT_NAME = "$(TARGET_NAME)";
				SWIFT_VERSION = 5.0;
				TARGETED_DEVICE_FAMILY = "1,2";
			};
			name = Debug;
		};
		80A3ACD925B8B91000EB1CC4 /* Release */ = {
			isa = XCBuildConfiguration;
			buildSettings = {
				ASSETCATALOG_COMPILER_APPICON_NAME = AppIcon;
				ASSETCATALOG_COMPILER_GLOBAL_ACCENT_COLOR_NAME = AccentColor;
				CODE_SIGN_STYLE = Automatic;
				DEVELOPMENT_ASSET_PATHS = "\"honeyMoon_swiftUI_tinderClone/Preview Content\"";
				DEVELOPMENT_TEAM = VMCZUHWP47;
				ENABLE_PREVIEWS = YES;
				INFOPLIST_FILE = honeyMoon_swiftUI_tinderClone/Info.plist;
				IPHONEOS_DEPLOYMENT_TARGET = 14.0;
				LD_RUNPATH_SEARCH_PATHS = (
					"$(inherited)",
					"@executable_path/Frameworks",
				);
				PRODUCT_BUNDLE_IDENTIFIER = "me.sergeyyu.honeyMoon-swiftUI-tinderClone";
				PRODUCT_NAME = "$(TARGET_NAME)";
				SWIFT_VERSION = 5.0;
				TARGETED_DEVICE_FAMILY = "1,2";
			};
			name = Release;
		};
/* End XCBuildConfiguration section */

/* Begin XCConfigurationList section */
		80A3ACC325B8B90B00EB1CC4 /* Build configuration list for PBXProject "honeyMoon_swiftUI_tinderClone" */ = {
			isa = XCConfigurationList;
			buildConfigurations = (
				80A3ACD525B8B91000EB1CC4 /* Debug */,
				80A3ACD625B8B91000EB1CC4 /* Release */,
			);
			defaultConfigurationIsVisible = 0;
			defaultConfigurationName = Release;
		};
		80A3ACD725B8B91000EB1CC4 /* Build configuration list for PBXNativeTarget "honeyMoon_swiftUI_tinderClone" */ = {
			isa = XCConfigurationList;
			buildConfigurations = (
				80A3ACD825B8B91000EB1CC4 /* Debug */,
				80A3ACD925B8B91000EB1CC4 /* Release */,
			);
			defaultConfigurationIsVisible = 0;
			defaultConfigurationName = Release;
		};
/* End XCConfigurationList section */
	};
	rootObject = 80A3ACC025B8B90B00EB1CC4 /* Project object */;
}
